# This file is automatically @generated by Cargo.
# It is not intended for manual editing.
version = 4

[[package]]
name = "agent_core"
version = "1.0.0"
dependencies = [
 "core_types",
 "field_engine",
 "hybrid_vm",
 "memory_space",
 "profile",
]

[[package]]
name = "brain_core"
version = "0.1.0"

[[package]]
name = "chm"
version = "1.0.0"
dependencies = [
 "memory_space",
 "memory_store",
]

[[package]]
name = "core_types"
version = "1.0.0"

[[package]]
name = "design_cli"
version = "0.1.0"
dependencies = [
 "hybrid_vm",
]

[[package]]
name = "design_desktop"
version = "0.1.0"
dependencies = [
 "interface_ui",
]

[[package]]
name = "design_lsp"
version = "0.1.0"
dependencies = [
 "interface_ui",
]

[[package]]
name = "design_server"
version = "0.1.0"
dependencies = [
 "interface_ui",
]

[[package]]
name = "dhm"
version = "0.1.0"
dependencies = [
 "core_types",
 "memory_space",
 "memory_store",
]

[[package]]
name = "field_engine"
version = "1.0.0"
dependencies = [
 "memory_space",
 "num-complex",
]

[[package]]
name = "hybrid_vm"
version = "0.1.0"
dependencies = [
 "chm",
 "core_types",
 "dhm",
 "field_engine",
 "language_dhm",
 "meaning_extractor",
 "memory_space",
 "memory_store",
 "recomposer",
 "semantic_dhm",
 "shm",
]

[[package]]
name = "interface_ui"
version = "0.1.0"
dependencies = [
 "runtime_vm",
]

[[package]]
name = "language_dhm"
version = "0.1.0"
dependencies = [
 "memory_store",
]

[[package]]
name = "meaning_extractor"
version = "0.1.0"
dependencies = [
 "language_dhm",
]

[[package]]
name = "memory_space"
version = "1.0.0"
dependencies = [
 "core_types",
]

[[package]]
name = "memory_store"
version = "0.1.0"

[[package]]
name = "num-complex"
version = "0.4.0"

[[package]]
name = "profile"
version = "1.0.0"
dependencies = [
 "core_types",
]

[[package]]
name = "recomposer"
version = "0.1.0"
dependencies = [
 "semantic_dhm",
]

[[package]]
name = "runtime_vm"
version = "0.1.0"
dependencies = [
 "brain_core",
]

[[package]]
name = "semantic_dhm"
version = "0.1.0"
dependencies = [
 "meaning_extractor",
 "memory_store",
]

[[package]]
name = "shm"
version = "1.0.0"
dependencies = [
 "memory_space",
 "memory_store",
]
