# This file is automatically @generated by Cargo.
# It is not intended for manual editing.
version = 4

[[package]]
name = "agent_core"
version = "1.0.0"
dependencies = [
 "chm",
 "core_types",
 "evaluator",
 "field_engine",
 "memory_space",
 "profile",
 "shm",
]

[[package]]
name = "brain_core"
version = "0.1.0"

[[package]]
name = "chm"
version = "1.0.0"
dependencies = [
 "memory_space",
 "shm",
]

[[package]]
name = "core_types"
version = "1.0.0"

[[package]]
name = "design_cli"
version = "0.1.0"
dependencies = [
 "agent_core",
 "interface_ui",
]

[[package]]
name = "design_desktop"
version = "0.1.0"
dependencies = [
 "interface_ui",
]

[[package]]
name = "design_lsp"
version = "0.1.0"
dependencies = [
 "interface_ui",
]

[[package]]
name = "design_server"
version = "0.1.0"
dependencies = [
 "interface_ui",
]

[[package]]
name = "evaluator"
version = "1.0.0"
dependencies = [
 "core_types",
 "field_engine",
 "memory_space",
]

[[package]]
name = "field_engine"
version = "1.0.0"
dependencies = [
 "memory_space",
 "num-complex",
]

[[package]]
name = "interface_ui"
version = "0.1.0"
dependencies = [
 "runtime_vm",
]

[[package]]
name = "memory_space"
version = "1.0.0"
dependencies = [
 "core_types",
]

[[package]]
name = "num-complex"
version = "0.4.0"

[[package]]
name = "profile"
version = "1.0.0"
dependencies = [
 "core_types",
]

[[package]]
name = "runtime_vm"
version = "0.1.0"
dependencies = [
 "brain_core",
]

[[package]]
name = "shm"
version = "1.0.0"
dependencies = [
 "memory_space",
]
